
Microsoft Visual Studio Solution File, Format Version 12.00
# Visual Studio Version 17
VisualStudioVersion = 17.9.34728.123
MinimumVisualStudioVersion = 10.0.40219.1
Project("{FAE04EC0-301F-11D3-BF4B-00C04F79EFBC}") = "testframe", "testframe.csproj", "{32816787-8635-469A-9124-F9B6A803858B}"
EndProject
Global
	GlobalSection(SolutionConfigurationPlatforms) = preSolution
		Debug|Any CPU = Debug|Any CPU
		Release|Any CPU = Release|Any CPU
	EndGlobalSection
	GlobalSection(ProjectConfigurationPlatforms) = postSolution
		{32816787-8635-469A-9124-F9B6A803858B}.Debug|Any CPU.ActiveCfg = Debug|Any CPU
		{32816787-8635-469A-9124-F9B6A803858B}.Debug|Any CPU.Build.0 = Debug|Any CPU
		{32816787-8635-469A-9124-F9B6A803858B}.Release|Any CPU.ActiveCfg = Release|Any CPU
		{32816787-8635-469A-9124-F9B6A803858B}.Release|Any CPU.Build.0 = Release|Any CPU
	EndGlobalSection
	GlobalSection(SolutionProperties) = preSolution
		HideSolutionNode = FALSE
	EndGlobalSection
	GlobalSection(ExtensibilityGlobals) = postSolution
		SolutionGuid = {AB6DD19E-1AF5-4771-894C-8C022BC5B6F8}
	EndGlobalSection
EndGlobal
