
Microsoft Visual Studio Solution File, Format Version 12.00
# Visual Studio Version 17
VisualStudioVersion = 17.9.34728.123
MinimumVisualStudioVersion = 10.0.40219.1
Project("{8BC9CEB8-8B4A-11D0-8D11-00A0C91BC942}") = "WindowsProject1", "WindowsProject1.vcxproj", "{6692BB62-0DBA-46D3-8716-AF1F1D0A01C0}"
EndProject
Global
	GlobalSection(SolutionConfigurationPlatforms) = preSolution
		Debug|x64 = Debug|x64
		Debug|x86 = Debug|x86
		Release|x64 = Release|x64
		Release|x86 = Release|x86
	EndGlobalSection
	GlobalSection(ProjectConfigurationPlatforms) = postSolution
		{6692BB62-0DBA-46D3-8716-AF1F1D0A01C0}.Debug|x64.ActiveCfg = Debug|x64
		{6692BB62-0DBA-46D3-8716-AF1F1D0A01C0}.Debug|x64.Build.0 = Debug|x64
		{6692BB62-0DBA-46D3-8716-AF1F1D0A01C0}.Debug|x86.ActiveCfg = Debug|Win32
		{6692BB62-0DBA-46D3-8716-AF1F1D0A01C0}.Debug|x86.Build.0 = Debug|Win32
		{6692BB62-0DBA-46D3-8716-AF1F1D0A01C0}.Release|x64.ActiveCfg = Release|x64
		{6692BB62-0DBA-46D3-8716-AF1F1D0A01C0}.Release|x64.Build.0 = Release|x64
		{6692BB62-0DBA-46D3-8716-AF1F1D0A01C0}.Release|x86.ActiveCfg = Release|Win32
		{6692BB62-0DBA-46D3-8716-AF1F1D0A01C0}.Release|x86.Build.0 = Release|Win32
	EndGlobalSection
	GlobalSection(SolutionProperties) = preSolution
		HideSolutionNode = FALSE
	EndGlobalSection
	GlobalSection(ExtensibilityGlobals) = postSolution
		SolutionGuid = {96CF06E6-2E1C-4783-8776-F58975F80FE6}
	EndGlobalSection
EndGlobal
