
Microsoft Visual Studio Solution File, Format Version 12.00
# Visual Studio Version 17
VisualStudioVersion = 17.9.34728.123
MinimumVisualStudioVersion = 10.0.40219.1
Project("{8BC9CEB8-8B4A-11D0-8D11-00A0C91BC942}") = "HookWindowMsg", "HookWindowMsg.vcxproj", "{63B3D215-D2C7-43E3-B92A-B930FAC1DBFC}"
EndProject
Global
	GlobalSection(SolutionConfigurationPlatforms) = preSolution
		Debug|x64 = Debug|x64
		Debug|x86 = Debug|x86
		Release|x64 = Release|x64
		Release|x86 = Release|x86
	EndGlobalSection
	GlobalSection(ProjectConfigurationPlatforms) = postSolution
		{63B3D215-D2C7-43E3-B92A-B930FAC1DBFC}.Debug|x64.ActiveCfg = Debug|x64
		{63B3D215-D2C7-43E3-B92A-B930FAC1DBFC}.Debug|x64.Build.0 = Debug|x64
		{63B3D215-D2C7-43E3-B92A-B930FAC1DBFC}.Debug|x86.ActiveCfg = Debug|Win32
		{63B3D215-D2C7-43E3-B92A-B930FAC1DBFC}.Debug|x86.Build.0 = Debug|Win32
		{63B3D215-D2C7-43E3-B92A-B930FAC1DBFC}.Release|x64.ActiveCfg = Release|x64
		{63B3D215-D2C7-43E3-B92A-B930FAC1DBFC}.Release|x64.Build.0 = Release|x64
		{63B3D215-D2C7-43E3-B92A-B930FAC1DBFC}.Release|x86.ActiveCfg = Release|Win32
		{63B3D215-D2C7-43E3-B92A-B930FAC1DBFC}.Release|x86.Build.0 = Release|Win32
	EndGlobalSection
	GlobalSection(SolutionProperties) = preSolution
		HideSolutionNode = FALSE
	EndGlobalSection
	GlobalSection(ExtensibilityGlobals) = postSolution
		SolutionGuid = {E04055F2-9364-4CB3-B871-7AE2E6CA4979}
	EndGlobalSection
EndGlobal
