
Microsoft Visual Studio Solution File, Format Version 12.00
# Visual Studio Version 17
VisualStudioVersion = 17.9.34701.34
MinimumVisualStudioVersion = 10.0.40219.1
Project("{8BC9CEB8-8B4A-11D0-8D11-00A0C91BC942}") = "PriorityBooster", "PriorityBooster.vcxproj", "{FB850BB0-EC4C-4CFF-A74C-869A27741674}"
EndProject
Global
	GlobalSection(SolutionConfigurationPlatforms) = preSolution
		Debug|ARM64 = Debug|ARM64
		Debug|x64 = Debug|x64
		Release|ARM64 = Release|ARM64
		Release|x64 = Release|x64
	EndGlobalSection
	GlobalSection(ProjectConfigurationPlatforms) = postSolution
		{FB850BB0-EC4C-4CFF-A74C-869A27741674}.Debug|ARM64.ActiveCfg = Debug|ARM64
		{FB850BB0-EC4C-4CFF-A74C-869A27741674}.Debug|ARM64.Build.0 = Debug|ARM64
		{FB850BB0-EC4C-4CFF-A74C-869A27741674}.Debug|ARM64.Deploy.0 = Debug|ARM64
		{FB850BB0-EC4C-4CFF-A74C-869A27741674}.Debug|x64.ActiveCfg = Debug|x64
		{FB850BB0-EC4C-4CFF-A74C-869A27741674}.Debug|x64.Build.0 = Debug|x64
		{FB850BB0-EC4C-4CFF-A74C-869A27741674}.Debug|x64.Deploy.0 = Debug|x64
		{FB850BB0-EC4C-4CFF-A74C-869A27741674}.Release|ARM64.ActiveCfg = Release|ARM64
		{FB850BB0-EC4C-4CFF-A74C-869A27741674}.Release|ARM64.Build.0 = Release|ARM64
		{FB850BB0-EC4C-4CFF-A74C-869A27741674}.Release|ARM64.Deploy.0 = Release|ARM64
		{FB850BB0-EC4C-4CFF-A74C-869A27741674}.Release|x64.ActiveCfg = Release|x64
		{FB850BB0-EC4C-4CFF-A74C-869A27741674}.Release|x64.Build.0 = Release|x64
		{FB850BB0-EC4C-4CFF-A74C-869A27741674}.Release|x64.Deploy.0 = Release|x64
	EndGlobalSection
	GlobalSection(SolutionProperties) = preSolution
		HideSolutionNode = FALSE
	EndGlobalSection
	GlobalSection(ExtensibilityGlobals) = postSolution
		SolutionGuid = {B82E1880-56AF-4530-916B-B76CDE19C930}
	EndGlobalSection
EndGlobal
